
Microsoft Visual Studio Solution File, Format Version 12.00
Project("{FAE04EC0-301F-11D3-BF4B-00C04F79EFBC}") = "WebGLives.API", "src\WebGLives.API\WebGLives.API.csproj", "{62F0BA69-B9D5-47FC-A7F8-EC4EC2F9352B}"
EndProject
Project("{FAE04EC0-301F-11D3-BF4B-00C04F79EFBC}") = "WebGLives.DataAccess", "src\WebGLives.DataAccess\WebGLives.DataAccess.csproj", "{77828F18-253A-4F5F-8727-A012599C7F75}"
EndProject
Global
	GlobalSection(SolutionConfigurationPlatforms) = preSolution
		Debug|Any CPU = Debug|Any CPU
		Release|Any CPU = Release|Any CPU
	EndGlobalSection
	GlobalSection(ProjectConfigurationPlatforms) = postSolution
		{62F0BA69-B9D5-47FC-A7F8-EC4EC2F9352B}.Debug|Any CPU.ActiveCfg = Debug|Any CPU
		{62F0BA69-B9D5-47FC-A7F8-EC4EC2F9352B}.Debug|Any CPU.Build.0 = Debug|Any CPU
		{62F0BA69-B9D5-47FC-A7F8-EC4EC2F9352B}.Release|Any CPU.ActiveCfg = Release|Any CPU
		{62F0BA69-B9D5-47FC-A7F8-EC4EC2F9352B}.Release|Any CPU.Build.0 = Release|Any CPU
		{77828F18-253A-4F5F-8727-A012599C7F75}.Debug|Any CPU.ActiveCfg = Debug|Any CPU
		{77828F18-253A-4F5F-8727-A012599C7F75}.Debug|Any CPU.Build.0 = Debug|Any CPU
		{77828F18-253A-4F5F-8727-A012599C7F75}.Release|Any CPU.ActiveCfg = Release|Any CPU
		{77828F18-253A-4F5F-8727-A012599C7F75}.Release|Any CPU.Build.0 = Release|Any CPU
	EndGlobalSection
EndGlobal
